
Microsoft Visual Studio Solution File, Format Version 12.00
# Visual Studio Version 16
VisualStudioVersion = 16.0.30621.155
MinimumVisualStudioVersion = 10.0.40219.1
Project("{FAE04EC0-301F-11D3-BF4B-00C04F79EFBC}") = "Talegen.License.Models", "Talegen.License.Models.csproj", "{DF49DFE6-A467-43F2-BBE6-6712C88D3831}"
EndProject
Global
	GlobalSection(SolutionConfigurationPlatforms) = preSolution
		Debug|Any CPU = Debug|Any CPU
		Release|Any CPU = Release|Any CPU
	EndGlobalSection
	GlobalSection(ProjectConfigurationPlatforms) = postSolution
		{DF49DFE6-A467-43F2-BBE6-6712C88D3831}.Debug|Any CPU.ActiveCfg = Debug|Any CPU
		{DF49DFE6-A467-43F2-BBE6-6712C88D3831}.Debug|Any CPU.Build.0 = Debug|Any CPU
		{DF49DFE6-A467-43F2-BBE6-6712C88D3831}.Release|Any CPU.ActiveCfg = Release|Any CPU
		{DF49DFE6-A467-43F2-BBE6-6712C88D3831}.Release|Any CPU.Build.0 = Release|Any CPU
	EndGlobalSection
	GlobalSection(SolutionProperties) = preSolution
		HideSolutionNode = FALSE
	EndGlobalSection
	GlobalSection(ExtensibilityGlobals) = postSolution
		SolutionGuid = {4D81A868-7A1F-495C-AD3C-340816DE0B97}
	EndGlobalSection
EndGlobal
